
Microsoft Visual Studio Solution File, Format Version 12.00
# Visual Studio Version 17
VisualStudioVersion = 17.0.32014.148
MinimumVisualStudioVersion = 10.0.40219.1
Project("{9A19103F-16F7-4668-BE54-9A1E7A4F7556}") = "Kneeboard Picture Viewer", "Kneeboard Picture Viewer.csproj", "{A86649A0-916E-4951-813C-758DC1A40A40}"
EndProject
Global
	GlobalSection(SolutionConfigurationPlatforms) = preSolution
		Debug|Any CPU = Debug|Any CPU
		Release|Any CPU = Release|Any CPU
	EndGlobalSection
	GlobalSection(ProjectConfigurationPlatforms) = postSolution
		{A86649A0-916E-4951-813C-758DC1A40A40}.Debug|Any CPU.ActiveCfg = Debug|Any CPU
		{A86649A0-916E-4951-813C-758DC1A40A40}.Debug|Any CPU.Build.0 = Debug|Any CPU
		{A86649A0-916E-4951-813C-758DC1A40A40}.Release|Any CPU.ActiveCfg = Release|Any CPU
		{A86649A0-916E-4951-813C-758DC1A40A40}.Release|Any CPU.Build.0 = Release|Any CPU
	EndGlobalSection
	GlobalSection(SolutionProperties) = preSolution
		HideSolutionNode = FALSE
	EndGlobalSection
	GlobalSection(ExtensibilityGlobals) = postSolution
		SolutionGuid = {F28C8D0B-73B9-46B6-8625-537B1AFBD4C6}
	EndGlobalSection
EndGlobal
